{
  "name": "CyclingRoutePlanner",
  "lockfileVersion": 3,
  "requires": true,
  "packages": {
    "": {
      "dependencies": {
        "openrouteservice": "^0.1.2"
      }
    },
    "node_modules/flat": {
      "version": "5.0.2",
      "resolved": "https://registry.npmjs.org/flat/-/flat-5.0.2.tgz",
      "integrity": "sha512-b6suED+5/3rTpUBdG1gupIl8MPFCAMA0QXwmljLhvCUKcUvdE4gWky9zpuGCcXHOsz4J9wPGNWq6OKpmIzz3hQ==",
      "bin": {
        "flat": "cli.js"
      }
    },
    "node_modules/openrouteservice": {
      "version": "0.1.2",
      "resolved": "https://registry.npmjs.org/openrouteservice/-/openrouteservice-0.1.2.tgz",
      "integrity": "sha512-9X09HITxuorJ8orhi9ht66bNacH11qxfd4HyBavjkGEHkrE3rYK26S5GUEoS1lZMWESyn4c5EFRAKaAXLXH1sg==",
      "dependencies": {
        "flat": "^5.0.2"
      },
      "engines": {
        "node": ">=18"
      }
    }
  }
}
